
Microsoft Visual Studio Solution File, Format Version 12.00
# Visual Studio 15
VisualStudioVersion = 15.0.27130.2020
MinimumVisualStudioVersion = 10.0.40219.1
Project("{FAE04EC0-301F-11D3-BF4B-00C04F79EFBC}") = "InfiniteScrollingDemo.Android", "InfiniteScrollingDemo\InfiniteScrollingDemo.Android\InfiniteScrollingDemo.Android.csproj", "{66D708AC-8943-428C-A552-8255F790AB61}"
EndProject
Project("{FAE04EC0-301F-11D3-BF4B-00C04F79EFBC}") = "InfiniteScrollingDemo.iOS", "InfiniteScrollingDemo\InfiniteScrollingDemo.iOS\InfiniteScrollingDemo.iOS.csproj", "{671128D9-01DE-4FE1-8542-27AE68B96FD5}"
EndProject
Project("{FAE04EC0-301F-11D3-BF4B-00C04F79EFBC}") = "InfiniteScrollingDemo.UWP", "InfiniteScrollingDemo\InfiniteScrollingDemo.UWP\InfiniteScrollingDemo.UWP.csproj", "{F56AE030-94F9-4E13-8B97-144044B42B17}"
EndProject
Project("{FAE04EC0-301F-11D3-BF4B-00C04F79EFBC}") = "InfiniteScrollingDemo", "InfiniteScrollingDemo\InfiniteScrollingDemo\InfiniteScrollingDemo.csproj", "{E7F4C6A9-82B4-4A8D-9FBE-D598BAE7AE30}"
EndProject
Global
	GlobalSection(SolutionConfigurationPlatforms) = preSolution
		Ad-Hoc|Any CPU = Ad-Hoc|Any CPU
		Ad-Hoc|ARM = Ad-Hoc|ARM
		Ad-Hoc|iPhone = Ad-Hoc|iPhone
		Ad-Hoc|iPhoneSimulator = Ad-Hoc|iPhoneSimulator
		Ad-Hoc|x64 = Ad-Hoc|x64
		Ad-Hoc|x86 = Ad-Hoc|x86
		AppStore|Any CPU = AppStore|Any CPU
		AppStore|ARM = AppStore|ARM
		AppStore|iPhone = AppStore|iPhone
		AppStore|iPhoneSimulator = AppStore|iPhoneSimulator
		AppStore|x64 = AppStore|x64
		AppStore|x86 = AppStore|x86
		Debug|Any CPU = Debug|Any CPU
		Debug|ARM = Debug|ARM
		Debug|iPhone = Debug|iPhone
		Debug|iPhoneSimulator = Debug|iPhoneSimulator
		Debug|x64 = Debug|x64
		Debug|x86 = Debug|x86
		Release|Any CPU = Release|Any CPU
		Release|ARM = Release|ARM
		Release|iPhone = Release|iPhone
		Release|iPhoneSimulator = Release|iPhoneSimulator
		Release|x64 = Release|x64
		Release|x86 = Release|x86
	EndGlobalSection
	GlobalSection(ProjectConfigurationPlatforms) = postSolution
		{66D708AC-8943-428C-A552-8255F790AB61}.Ad-Hoc|Any CPU.ActiveCfg = Release|Any CPU
		{66D708AC-8943-428C-A552-8255F790AB61}.Ad-Hoc|Any CPU.Build.0 = Release|Any CPU
		{66D708AC-8943-428C-A552-8255F790AB61}.Ad-Hoc|Any CPU.Deploy.0 = Release|Any CPU
		{66D708AC-8943-428C-A552-8255F790AB61}.Ad-Hoc|ARM.ActiveCfg = Release|Any CPU
		{66D708AC-8943-428C-A552-8255F790AB61}.Ad-Hoc|ARM.Build.0 = Release|Any CPU
		{66D708AC-8943-428C-A552-8255F790AB61}.Ad-Hoc|ARM.Deploy.0 = Release|Any CPU
		{66D708AC-8943-428C-A552-8255F790AB61}.Ad-Hoc|iPhone.ActiveCfg = Release|Any CPU
		{66D708AC-8943-428C-A552-8255F790AB61}.Ad-Hoc|iPhone.Build.0 = Release|Any CPU
		{66D708AC-8943-428C-A552-8255F790AB61}.Ad-Hoc|iPhone.Deploy.0 = Release|Any CPU
		{66D708AC-8943-428C-A552-8255F790AB61}.Ad-Hoc|iPhoneSimulator.ActiveCfg = Release|Any CPU
		{66D708AC-8943-428C-A552-8255F790AB61}.Ad-Hoc|iPhoneSimulator.Build.0 = Release|Any CPU
		{66D708AC-8943-428C-A552-8255F790AB61}.Ad-Hoc|iPhoneSimulator.Deploy.0 = Release|Any CPU
		{66D708AC-8943-428C-A552-8255F790AB61}.Ad-Hoc|x64.ActiveCfg = Release|Any CPU
		{66D708AC-8943-428C-A552-8255F790AB61}.Ad-Hoc|x64.Build.0 = Release|Any CPU
		{66D708AC-8943-428C-A552-8255F790AB61}.Ad-Hoc|x64.Deploy.0 = Release|Any CPU
		{66D708AC-8943-428C-A552-8255F790AB61}.Ad-Hoc|x86.ActiveCfg = Release|Any CPU
		{66D708AC-8943-428C-A552-8255F790AB61}.Ad-Hoc|x86.Build.0 = Release|Any CPU
		{66D708AC-8943-428C-A552-8255F790AB61}.Ad-Hoc|x86.Deploy.0 = Release|Any CPU
		{66D708AC-8943-428C-A552-8255F790AB61}.AppStore|Any CPU.ActiveCfg = Release|Any CPU
		{66D708AC-8943-428C-A552-8255F790AB61}.AppStore|Any CPU.Build.0 = Release|Any CPU
		{66D708AC-8943-428C-A552-8255F790AB61}.AppStore|Any CPU.Deploy.0 = Release|Any CPU
		{66D708AC-8943-428C-A552-8255F790AB61}.AppStore|ARM.ActiveCfg = Release|Any CPU
		{66D708AC-8943-428C-A552-8255F790AB61}.AppStore|ARM.Build.0 = Release|Any CPU
		{66D708AC-8943-428C-A552-8255F790AB61}.AppStore|ARM.Deploy.0 = Release|Any CPU
		{66D708AC-8943-428C-A552-8255F790AB61}.AppStore|iPhone.ActiveCfg = Release|Any CPU
		{66D708AC-8943-428C-A552-8255F790AB61}.AppStore|iPhone.Build.0 = Release|Any CPU
		{66D708AC-8943-428C-A552-8255F790AB61}.AppStore|iPhone.Deploy.0 = Release|Any CPU
		{66D708AC-8943-428C-A552-8255F790AB61}.AppStore|iPhoneSimulator.ActiveCfg = Release|Any CPU
		{66D708AC-8943-428C-A552-8255F790AB61}.AppStore|iPhoneSimulator.Build.0 = Release|Any CPU
		{66D708AC-8943-428C-A552-8255F790AB61}.AppStore|iPhoneSimulator.Deploy.0 = Release|Any CPU
		{66D708AC-8943-428C-A552-8255F790AB61}.AppStore|x64.ActiveCfg = Release|Any CPU
		{66D708AC-8943-428C-A552-8255F790AB61}.AppStore|x64.Build.0 = Release|Any CPU
		{66D708AC-8943-428C-A552-8255F790AB61}.AppStore|x64.Deploy.0 = Release|Any CPU
		{66D708AC-8943-428C-A552-8255F790AB61}.AppStore|x86.ActiveCfg = Release|Any CPU
		{66D708AC-8943-428C-A552-8255F790AB61}.AppStore|x86.Build.0 = Release|Any CPU
		{66D708AC-8943-428C-A552-8255F790AB61}.AppStore|x86.Deploy.0 = Release|Any CPU
		{66D708AC-8943-428C-A552-8255F790AB61}.Debug|Any CPU.ActiveCfg = Debug|Any CPU
		{66D708AC-8943-428C-A552-8255F790AB61}.Debug|Any CPU.Build.0 = Debug|Any CPU
		{66D708AC-8943-428C-A552-8255F790AB61}.Debug|Any CPU.Deploy.0 = Debug|Any CPU
		{66D708AC-8943-428C-A552-8255F790AB61}.Debug|ARM.ActiveCfg = Debug|Any CPU
		{66D708AC-8943-428C-A552-8255F790AB61}.Debug|ARM.Build.0 = Debug|Any CPU
		{66D708AC-8943-428C-A552-8255F790AB61}.Debug|ARM.Deploy.0 = Debug|Any CPU
		{66D708AC-8943-428C-A552-8255F790AB61}.Debug|iPhone.ActiveCfg = Debug|Any CPU
		{66D708AC-8943-428C-A552-8255F790AB61}.Debug|iPhone.Build.0 = Debug|Any CPU
		{66D708AC-8943-428C-A552-8255F790AB61}.Debug|iPhone.Deploy.0 = Debug|Any CPU
		{66D708AC-8943-428C-A552-8255F790AB61}.Debug|iPhoneSimulator.ActiveCfg = Debug|Any CPU
		{66D708AC-8943-428C-A552-8255F790AB61}.Debug|iPhoneSimulator.Build.0 = Debug|Any CPU
		{66D708AC-8943-428C-A552-8255F790AB61}.Debug|iPhoneSimulator.Deploy.0 = Debug|Any CPU
		{66D708AC-8943-428C-A552-8255F790AB61}.Debug|x64.ActiveCfg = Debug|Any CPU
		{66D708AC-8943-428C-A552-8255F790AB61}.Debug|x64.Build.0 = Debug|Any CPU
		{66D708AC-8943-428C-A552-8255F790AB61}.Debug|x64.Deploy.0 = Debug|Any CPU
		{66D708AC-8943-428C-A552-8255F790AB61}.Debug|x86.ActiveCfg = Debug|Any CPU
		{66D708AC-8943-428C-A552-8255F790AB61}.Debug|x86.Build.0 = Debug|Any CPU
		{66D708AC-8943-428C-A552-8255F790AB61}.Debug|x86.Deploy.0 = Debug|Any CPU
		{66D708AC-8943-428C-A552-8255F790AB61}.Release|Any CPU.ActiveCfg = Release|Any CPU
		{66D708AC-8943-428C-A552-8255F790AB61}.Release|Any CPU.Build.0 = Release|Any CPU
		{66D708AC-8943-428C-A552-8255F790AB61}.Release|Any CPU.Deploy.0 = Release|Any CPU
		{66D708AC-8943-428C-A552-8255F790AB61}.Release|ARM.ActiveCfg = Release|Any CPU
		{66D708AC-8943-428C-A552-8255F790AB61}.Release|ARM.Build.0 = Release|Any CPU
		{66D708AC-8943-428C-A552-8255F790AB61}.Release|ARM.Deploy.0 = Release|Any CPU
		{66D708AC-8943-428C-A552-8255F790AB61}.Release|iPhone.ActiveCfg = Release|Any CPU
		{66D708AC-8943-428C-A552-8255F790AB61}.Release|iPhone.Build.0 = Release|Any CPU
		{66D708AC-8943-428C-A552-8255F790AB61}.Release|iPhone.Deploy.0 = Release|Any CPU
		{66D708AC-8943-428C-A552-8255F790AB61}.Release|iPhoneSimulator.ActiveCfg = Release|Any CPU
		{66D708AC-8943-428C-A552-8255F790AB61}.Release|iPhoneSimulator.Build.0 = Release|Any CPU
		{66D708AC-8943-428C-A552-8255F790AB61}.Release|iPhoneSimulator.Deploy.0 = Release|Any CPU
		{66D708AC-8943-428C-A552-8255F790AB61}.Release|x64.ActiveCfg = Release|Any CPU
		{66D708AC-8943-428C-A552-8255F790AB61}.Release|x64.Build.0 = Release|Any CPU
		{66D708AC-8943-428C-A552-8255F790AB61}.Release|x64.Deploy.0 = Release|Any CPU
		{66D708AC-8943-428C-A552-8255F790AB61}.Release|x86.ActiveCfg = Release|Any CPU
		{66D708AC-8943-428C-A552-8255F790AB61}.Release|x86.Build.0 = Release|Any CPU
		{66D708AC-8943-428C-A552-8255F790AB61}.Release|x86.Deploy.0 = Release|Any CPU
		{671128D9-01DE-4FE1-8542-27AE68B96FD5}.Ad-Hoc|Any CPU.ActiveCfg = Ad-Hoc|iPhone
		{671128D9-01DE-4FE1-8542-27AE68B96FD5}.Ad-Hoc|ARM.ActiveCfg = Ad-Hoc|iPhone
		{671128D9-01DE-4FE1-8542-27AE68B96FD5}.Ad-Hoc|iPhone.ActiveCfg = Ad-Hoc|iPhone
		{671128D9-01DE-4FE1-8542-27AE68B96FD5}.Ad-Hoc|iPhone.Build.0 = Ad-Hoc|iPhone
		{671128D9-01DE-4FE1-8542-27AE68B96FD5}.Ad-Hoc|iPhoneSimulator.ActiveCfg = Ad-Hoc|iPhoneSimulator
		{671128D9-01DE-4FE1-8542-27AE68B96FD5}.Ad-Hoc|iPhoneSimulator.Build.0 = Ad-Hoc|iPhoneSimulator
		{671128D9-01DE-4FE1-8542-27AE68B96FD5}.Ad-Hoc|x64.ActiveCfg = Ad-Hoc|iPhone
		{671128D9-01DE-4FE1-8542-27AE68B96FD5}.Ad-Hoc|x86.ActiveCfg = Ad-Hoc|iPhone
		{671128D9-01DE-4FE1-8542-27AE68B96FD5}.AppStore|Any CPU.ActiveCfg = AppStore|iPhone
		{671128D9-01DE-4FE1-8542-27AE68B96FD5}.AppStore|ARM.ActiveCfg = AppStore|iPhone
		{671128D9-01DE-4FE1-8542-27AE68B96FD5}.AppStore|iPhone.ActiveCfg = AppStore|iPhone
		{671128D9-01DE-4FE1-8542-27AE68B96FD5}.AppStore|iPhone.Build.0 = AppStore|iPhone
		{671128D9-01DE-4FE1-8542-27AE68B96FD5}.AppStore|iPhoneSimulator.ActiveCfg = AppStore|iPhoneSimulator
		{671128D9-01DE-4FE1-8542-27AE68B96FD5}.AppStore|iPhoneSimulator.Build.0 = AppStore|iPhoneSimulator
		{671128D9-01DE-4FE1-8542-27AE68B96FD5}.AppStore|x64.ActiveCfg = AppStore|iPhone
		{671128D9-01DE-4FE1-8542-27AE68B96FD5}.AppStore|x86.ActiveCfg = AppStore|iPhone
		{671128D9-01DE-4FE1-8542-27AE68B96FD5}.Debug|Any CPU.ActiveCfg = Debug|iPhone
		{671128D9-01DE-4FE1-8542-27AE68B96FD5}.Debug|ARM.ActiveCfg = Debug|iPhone
		{671128D9-01DE-4FE1-8542-27AE68B96FD5}.Debug|iPhone.ActiveCfg = Debug|iPhone
		{671128D9-01DE-4FE1-8542-27AE68B96FD5}.Debug|iPhone.Build.0 = Debug|iPhone
		{671128D9-01DE-4FE1-8542-27AE68B96FD5}.Debug|iPhoneSimulator.ActiveCfg = Debug|iPhoneSimulator
		{671128D9-01DE-4FE1-8542-27AE68B96FD5}.Debug|iPhoneSimulator.Build.0 = Debug|iPhoneSimulator
		{671128D9-01DE-4FE1-8542-27AE68B96FD5}.Debug|x64.ActiveCfg = Debug|iPhone
		{671128D9-01DE-4FE1-8542-27AE68B96FD5}.Debug|x86.ActiveCfg = Debug|iPhone
		{671128D9-01DE-4FE1-8542-27AE68B96FD5}.Release|Any CPU.ActiveCfg = Release|iPhone
		{671128D9-01DE-4FE1-8542-27AE68B96FD5}.Release|ARM.ActiveCfg = Release|iPhone
		{671128D9-01DE-4FE1-8542-27AE68B96FD5}.Release|iPhone.ActiveCfg = Release|iPhone
		{671128D9-01DE-4FE1-8542-27AE68B96FD5}.Release|iPhone.Build.0 = Release|iPhone
		{671128D9-01DE-4FE1-8542-27AE68B96FD5}.Release|iPhoneSimulator.ActiveCfg = Release|iPhoneSimulator
		{671128D9-01DE-4FE1-8542-27AE68B96FD5}.Release|iPhoneSimulator.Build.0 = Release|iPhoneSimulator
		{671128D9-01DE-4FE1-8542-27AE68B96FD5}.Release|x64.ActiveCfg = Release|iPhone
		{671128D9-01DE-4FE1-8542-27AE68B96FD5}.Release|x86.ActiveCfg = Release|iPhone
		{F56AE030-94F9-4E13-8B97-144044B42B17}.Ad-Hoc|Any CPU.ActiveCfg = Release|x86
		{F56AE030-94F9-4E13-8B97-144044B42B17}.Ad-Hoc|Any CPU.Build.0 = Release|x86
		{F56AE030-94F9-4E13-8B97-144044B42B17}.Ad-Hoc|Any CPU.Deploy.0 = Release|x86
		{F56AE030-94F9-4E13-8B97-144044B42B17}.Ad-Hoc|ARM.ActiveCfg = Release|ARM
		{F56AE030-94F9-4E13-8B97-144044B42B17}.Ad-Hoc|ARM.Build.0 = Release|ARM
		{F56AE030-94F9-4E13-8B97-144044B42B17}.Ad-Hoc|ARM.Deploy.0 = Release|ARM
		{F56AE030-94F9-4E13-8B97-144044B42B17}.Ad-Hoc|iPhone.ActiveCfg = Release|x86
		{F56AE030-94F9-4E13-8B97-144044B42B17}.Ad-Hoc|iPhone.Build.0 = Release|x86
		{F56AE030-94F9-4E13-8B97-144044B42B17}.Ad-Hoc|iPhone.Deploy.0 = Release|x86
		{F56AE030-94F9-4E13-8B97-144044B42B17}.Ad-Hoc|iPhoneSimulator.ActiveCfg = Release|x86
		{F56AE030-94F9-4E13-8B97-144044B42B17}.Ad-Hoc|iPhoneSimulator.Build.0 = Release|x86
		{F56AE030-94F9-4E13-8B97-144044B42B17}.Ad-Hoc|iPhoneSimulator.Deploy.0 = Release|x86
		{F56AE030-94F9-4E13-8B97-144044B42B17}.Ad-Hoc|x64.ActiveCfg = Release|x64
		{F56AE030-94F9-4E13-8B97-144044B42B17}.Ad-Hoc|x64.Build.0 = Release|x64
		{F56AE030-94F9-4E13-8B97-144044B42B17}.Ad-Hoc|x64.Deploy.0 = Release|x64
		{F56AE030-94F9-4E13-8B97-144044B42B17}.Ad-Hoc|x86.ActiveCfg = Release|x86
		{F56AE030-94F9-4E13-8B97-144044B42B17}.Ad-Hoc|x86.Build.0 = Release|x86
		{F56AE030-94F9-4E13-8B97-144044B42B17}.Ad-Hoc|x86.Deploy.0 = Release|x86
		{F56AE030-94F9-4E13-8B97-144044B42B17}.AppStore|Any CPU.ActiveCfg = Release|x86
		{F56AE030-94F9-4E13-8B97-144044B42B17}.AppStore|Any CPU.Build.0 = Release|x86
		{F56AE030-94F9-4E13-8B97-144044B42B17}.AppStore|Any CPU.Deploy.0 = Release|x86
		{F56AE030-94F9-4E13-8B97-144044B42B17}.AppStore|ARM.ActiveCfg = Release|ARM
		{F56AE030-94F9-4E13-8B97-144044B42B17}.AppStore|ARM.Build.0 = Release|ARM
		{F56AE030-94F9-4E13-8B97-144044B42B17}.AppStore|ARM.Deploy.0 = Release|ARM
		{F56AE030-94F9-4E13-8B97-144044B42B17}.AppStore|iPhone.ActiveCfg = Release|x86
		{F56AE030-94F9-4E13-8B97-144044B42B17}.AppStore|iPhone.Build.0 = Release|x86
		{F56AE030-94F9-4E13-8B97-144044B42B17}.AppStore|iPhone.Deploy.0 = Release|x86
		{F56AE030-94F9-4E13-8B97-144044B42B17}.AppStore|iPhoneSimulator.ActiveCfg = Release|x86
		{F56AE030-94F9-4E13-8B97-144044B42B17}.AppStore|iPhoneSimulator.Build.0 = Release|x86
		{F56AE030-94F9-4E13-8B97-144044B42B17}.AppStore|iPhoneSimulator.Deploy.0 = Release|x86
		{F56AE030-94F9-4E13-8B97-144044B42B17}.AppStore|x64.ActiveCfg = Release|x64
		{F56AE030-94F9-4E13-8B97-144044B42B17}.AppStore|x64.Build.0 = Release|x64
		{F56AE030-94F9-4E13-8B97-144044B42B17}.AppStore|x64.Deploy.0 = Release|x64
		{F56AE030-94F9-4E13-8B97-144044B42B17}.AppStore|x86.ActiveCfg = Release|x86
		{F56AE030-94F9-4E13-8B97-144044B42B17}.AppStore|x86.Build.0 = Release|x86
		{F56AE030-94F9-4E13-8B97-144044B42B17}.AppStore|x86.Deploy.0 = Release|x86
		{F56AE030-94F9-4E13-8B97-144044B42B17}.Debug|Any CPU.ActiveCfg = Debug|x86
		{F56AE030-94F9-4E13-8B97-144044B42B17}.Debug|ARM.ActiveCfg = Debug|ARM
		{F56AE030-94F9-4E13-8B97-144044B42B17}.Debug|ARM.Build.0 = Debug|ARM
		{F56AE030-94F9-4E13-8B97-144044B42B17}.Debug|ARM.Deploy.0 = Debug|ARM
		{F56AE030-94F9-4E13-8B97-144044B42B17}.Debug|iPhone.ActiveCfg = Debug|x86
		{F56AE030-94F9-4E13-8B97-144044B42B17}.Debug|iPhoneSimulator.ActiveCfg = Debug|x86
		{F56AE030-94F9-4E13-8B97-144044B42B17}.Debug|x64.ActiveCfg = Debug|x64
		{F56AE030-94F9-4E13-8B97-144044B42B17}.Debug|x64.Build.0 = Debug|x64
		{F56AE030-94F9-4E13-8B97-144044B42B17}.Debug|x64.Deploy.0 = Debug|x64
		{F56AE030-94F9-4E13-8B97-144044B42B17}.Debug|x86.ActiveCfg = Debug|x86
		{F56AE030-94F9-4E13-8B97-144044B42B17}.Debug|x86.Build.0 = Debug|x86
		{F56AE030-94F9-4E13-8B97-144044B42B17}.Debug|x86.Deploy.0 = Debug|x86
		{F56AE030-94F9-4E13-8B97-144044B42B17}.Release|Any CPU.ActiveCfg = Release|x86
		{F56AE030-94F9-4E13-8B97-144044B42B17}.Release|ARM.ActiveCfg = Release|ARM
		{F56AE030-94F9-4E13-8B97-144044B42B17}.Release|ARM.Build.0 = Release|ARM
		{F56AE030-94F9-4E13-8B97-144044B42B17}.Release|ARM.Deploy.0 = Release|ARM
		{F56AE030-94F9-4E13-8B97-144044B42B17}.Release|iPhone.ActiveCfg = Release|x86
		{F56AE030-94F9-4E13-8B97-144044B42B17}.Release|iPhoneSimulator.ActiveCfg = Release|x86
		{F56AE030-94F9-4E13-8B97-144044B42B17}.Release|x64.ActiveCfg = Release|x64
		{F56AE030-94F9-4E13-8B97-144044B42B17}.Release|x64.Build.0 = Release|x64
		{F56AE030-94F9-4E13-8B97-144044B42B17}.Release|x64.Deploy.0 = Release|x64
		{F56AE030-94F9-4E13-8B97-144044B42B17}.Release|x86.ActiveCfg = Release|x86
		{F56AE030-94F9-4E13-8B97-144044B42B17}.Release|x86.Build.0 = Release|x86
		{F56AE030-94F9-4E13-8B97-144044B42B17}.Release|x86.Deploy.0 = Release|x86
		{E7F4C6A9-82B4-4A8D-9FBE-D598BAE7AE30}.Ad-Hoc|Any CPU.ActiveCfg = Debug|Any CPU
		{E7F4C6A9-82B4-4A8D-9FBE-D598BAE7AE30}.Ad-Hoc|Any CPU.Build.0 = Debug|Any CPU
		{E7F4C6A9-82B4-4A8D-9FBE-D598BAE7AE30}.Ad-Hoc|ARM.ActiveCfg = Debug|Any CPU
		{E7F4C6A9-82B4-4A8D-9FBE-D598BAE7AE30}.Ad-Hoc|ARM.Build.0 = Debug|Any CPU
		{E7F4C6A9-82B4-4A8D-9FBE-D598BAE7AE30}.Ad-Hoc|iPhone.ActiveCfg = Debug|Any CPU
		{E7F4C6A9-82B4-4A8D-9FBE-D598BAE7AE30}.Ad-Hoc|iPhone.Build.0 = Debug|Any CPU
		{E7F4C6A9-82B4-4A8D-9FBE-D598BAE7AE30}.Ad-Hoc|iPhoneSimulator.ActiveCfg = Debug|Any CPU
		{E7F4C6A9-82B4-4A8D-9FBE-D598BAE7AE30}.Ad-Hoc|iPhoneSimulator.Build.0 = Debug|Any CPU
		{E7F4C6A9-82B4-4A8D-9FBE-D598BAE7AE30}.Ad-Hoc|x64.ActiveCfg = Debug|Any CPU
		{E7F4C6A9-82B4-4A8D-9FBE-D598BAE7AE30}.Ad-Hoc|x64.Build.0 = Debug|Any CPU
		{E7F4C6A9-82B4-4A8D-9FBE-D598BAE7AE30}.Ad-Hoc|x86.ActiveCfg = Debug|Any CPU
		{E7F4C6A9-82B4-4A8D-9FBE-D598BAE7AE30}.Ad-Hoc|x86.Build.0 = Debug|Any CPU
		{E7F4C6A9-82B4-4A8D-9FBE-D598BAE7AE30}.AppStore|Any CPU.ActiveCfg = Debug|Any CPU
		{E7F4C6A9-82B4-4A8D-9FBE-D598BAE7AE30}.AppStore|Any CPU.Build.0 = Debug|Any CPU
		{E7F4C6A9-82B4-4A8D-9FBE-D598BAE7AE30}.AppStore|ARM.ActiveCfg = Debug|Any CPU
		{E7F4C6A9-82B4-4A8D-9FBE-D598BAE7AE30}.AppStore|ARM.Build.0 = Debug|Any CPU
		{E7F4C6A9-82B4-4A8D-9FBE-D598BAE7AE30}.AppStore|iPhone.ActiveCfg = Debug|Any CPU
		{E7F4C6A9-82B4-4A8D-9FBE-D598BAE7AE30}.AppStore|iPhone.Build.0 = Debug|Any CPU
		{E7F4C6A9-82B4-4A8D-9FBE-D598BAE7AE30}.AppStore|iPhoneSimulator.ActiveCfg = Debug|Any CPU
		{E7F4C6A9-82B4-4A8D-9FBE-D598BAE7AE30}.AppStore|iPhoneSimulator.Build.0 = Debug|Any CPU
		{E7F4C6A9-82B4-4A8D-9FBE-D598BAE7AE30}.AppStore|x64.ActiveCfg = Debug|Any CPU
		{E7F4C6A9-82B4-4A8D-9FBE-D598BAE7AE30}.AppStore|x64.Build.0 = Debug|Any CPU
		{E7F4C6A9-82B4-4A8D-9FBE-D598BAE7AE30}.AppStore|x86.ActiveCfg = Debug|Any CPU
		{E7F4C6A9-82B4-4A8D-9FBE-D598BAE7AE30}.AppStore|x86.Build.0 = Debug|Any CPU
		{E7F4C6A9-82B4-4A8D-9FBE-D598BAE7AE30}.Debug|Any CPU.ActiveCfg = Debug|Any CPU
		{E7F4C6A9-82B4-4A8D-9FBE-D598BAE7AE30}.Debug|Any CPU.Build.0 = Debug|Any CPU
		{E7F4C6A9-82B4-4A8D-9FBE-D598BAE7AE30}.Debug|ARM.ActiveCfg = Debug|Any CPU
		{E7F4C6A9-82B4-4A8D-9FBE-D598BAE7AE30}.Debug|ARM.Build.0 = Debug|Any CPU
		{E7F4C6A9-82B4-4A8D-9FBE-D598BAE7AE30}.Debug|iPhone.ActiveCfg = Debug|Any CPU
		{E7F4C6A9-82B4-4A8D-9FBE-D598BAE7AE30}.Debug|iPhone.Build.0 = Debug|Any CPU
		{E7F4C6A9-82B4-4A8D-9FBE-D598BAE7AE30}.Debug|iPhoneSimulator.ActiveCfg = Debug|Any CPU
		{E7F4C6A9-82B4-4A8D-9FBE-D598BAE7AE30}.Debug|iPhoneSimulator.Build.0 = Debug|Any CPU
		{E7F4C6A9-82B4-4A8D-9FBE-D598BAE7AE30}.Debug|x64.ActiveCfg = Debug|Any CPU
		{E7F4C6A9-82B4-4A8D-9FBE-D598BAE7AE30}.Debug|x64.Build.0 = Debug|Any CPU
		{E7F4C6A9-82B4-4A8D-9FBE-D598BAE7AE30}.Debug|x86.ActiveCfg = Debug|Any CPU
		{E7F4C6A9-82B4-4A8D-9FBE-D598BAE7AE30}.Debug|x86.Build.0 = Debug|Any CPU
		{E7F4C6A9-82B4-4A8D-9FBE-D598BAE7AE30}.Release|Any CPU.ActiveCfg = Release|Any CPU
		{E7F4C6A9-82B4-4A8D-9FBE-D598BAE7AE30}.Release|Any CPU.Build.0 = Release|Any CPU
		{E7F4C6A9-82B4-4A8D-9FBE-D598BAE7AE30}.Release|ARM.ActiveCfg = Release|Any CPU
		{E7F4C6A9-82B4-4A8D-9FBE-D598BAE7AE30}.Release|ARM.Build.0 = Release|Any CPU
		{E7F4C6A9-82B4-4A8D-9FBE-D598BAE7AE30}.Release|iPhone.ActiveCfg = Release|Any CPU
		{E7F4C6A9-82B4-4A8D-9FBE-D598BAE7AE30}.Release|iPhone.Build.0 = Release|Any CPU
		{E7F4C6A9-82B4-4A8D-9FBE-D598BAE7AE30}.Release|iPhoneSimulator.ActiveCfg = Release|Any CPU
		{E7F4C6A9-82B4-4A8D-9FBE-D598BAE7AE30}.Release|iPhoneSimulator.Build.0 = Release|Any CPU
		{E7F4C6A9-82B4-4A8D-9FBE-D598BAE7AE30}.Release|x64.ActiveCfg = Release|Any CPU
		{E7F4C6A9-82B4-4A8D-9FBE-D598BAE7AE30}.Release|x64.Build.0 = Release|Any CPU
		{E7F4C6A9-82B4-4A8D-9FBE-D598BAE7AE30}.Release|x86.ActiveCfg = Release|Any CPU
		{E7F4C6A9-82B4-4A8D-9FBE-D598BAE7AE30}.Release|x86.Build.0 = Release|Any CPU
	EndGlobalSection
	GlobalSection(SolutionProperties) = preSolution
		HideSolutionNode = FALSE
	EndGlobalSection
	GlobalSection(ExtensibilityGlobals) = postSolution
		SolutionGuid = {BAE49336-B6D3-47F9-AB5E-B91E68918516}
	EndGlobalSection
EndGlobal
